
Microsoft Visual Studio Solution File, Format Version 12.00
# Visual Studio Version 16
VisualStudioVersion = 16.0.31424.327
MinimumVisualStudioVersion = 10.0.40219.1
Project("{FAE04EC0-301F-11D3-BF4B-00C04F79EFBC}") = "TodoApi", "TodoApi.csproj", "{1C910ED8-93EE-4717-954D-A7F762C5B9CC}"
EndProject
Global
	GlobalSection(SolutionConfigurationPlatforms) = preSolution
		Debug|Any CPU = Debug|Any CPU
		Release|Any CPU = Release|Any CPU
	EndGlobalSection
	GlobalSection(ProjectConfigurationPlatforms) = postSolution
		{1C910ED8-93EE-4717-954D-A7F762C5B9CC}.Debug|Any CPU.ActiveCfg = Debug|Any CPU
		{1C910ED8-93EE-4717-954D-A7F762C5B9CC}.Debug|Any CPU.Build.0 = Debug|Any CPU
		{1C910ED8-93EE-4717-954D-A7F762C5B9CC}.Release|Any CPU.ActiveCfg = Release|Any CPU
		{1C910ED8-93EE-4717-954D-A7F762C5B9CC}.Release|Any CPU.Build.0 = Release|Any CPU
	EndGlobalSection
	GlobalSection(SolutionProperties) = preSolution
		HideSolutionNode = FALSE
	EndGlobalSection
	GlobalSection(ExtensibilityGlobals) = postSolution
		SolutionGuid = {99FE968B-4BE0-4800-9F93-F71160F84D81}
	EndGlobalSection
EndGlobal
